
Microsoft Visual Studio Solution File, Format Version 12.00
# Visual Studio 15
VisualStudioVersion = 15.0.26430.6
MinimumVisualStudioVersion = 10.0.40219.1
Project("{FAE04EC0-301F-11D3-BF4B-00C04F79EFBC}") = "001_ArrayLeftRotationCs", "001_ArrayLeftRotationCs\001_ArrayLeftRotationCs.csproj", "{6EFE95CC-3E1D-47B3-BC5C-906684A8FBBD}"
EndProject
Project("{8BC9CEB8-8B4A-11D0-8D11-00A0C91BC942}") = "001_ArrayLeftRotationCpp", "001_ArrayLeftRotationCpp\001_ArrayLeftRotationCpp.vcxproj", "{CF1ECD5D-F8AA-4F41-9B85-65316B56D9FD}"
EndProject
Project("{8BC9CEB8-8B4A-11D0-8D11-00A0C91BC942}") = "002_MakingAnagramsCpp", "002_MakingAnagramsCpp\002_MakingAnagramsCpp.vcxproj", "{AF85F4F4-9189-4682-B3BB-255EBCBBBAA8}"
EndProject
Project("{FAE04EC0-301F-11D3-BF4B-00C04F79EFBC}") = "002_MakingAnagramsCs", "002_MakingAnagramsCs\002_MakingAnagramsCs.csproj", "{902247FB-CBEF-4ECE-BF59-D33DBF0773A6}"
EndProject
Project("{8BC9CEB8-8B4A-11D0-8D11-00A0C91BC942}") = "003_RansomNoteCpp", "003_RansomNoteCpp\003_RansomNoteCpp.vcxproj", "{40FDE389-1EBE-496A-A8E4-D594247D05D2}"
EndProject
Project("{8BC9CEB8-8B4A-11D0-8D11-00A0C91BC942}") = "004_IsBinaryTreeCpp", "004_IsBinaryTreeCpp\004_IsBinaryTreeCpp.vcxproj", "{5EFAEE28-E648-4CBA-8BEE-BD143775CCFB}"
EndProject
Project("{8BC9CEB8-8B4A-11D0-8D11-00A0C91BC942}") = "005_LinkedListCycleCpp", "005_LinkedListCycleCpp\005_LinkedListCycleCpp.vcxproj", "{042A6B77-B65A-4569-877B-3311806E0619}"
EndProject
Project("{8BC9CEB8-8B4A-11D0-8D11-00A0C91BC942}") = "006_BalancedBracketsCpp", "006_BalancedBracketsCpp\006_BalancedBracketsCpp.vcxproj", "{4EFE6592-1690-45CD-BEE7-1A14CA064AE8}"
EndProject
Project("{8BC9CEB8-8B4A-11D0-8D11-00A0C91BC942}") = "007_FibonacciNumbersCpp", "007_FibonacciNumbersCpp\007_FibonacciNumbersCpp.vcxproj", "{19F09F4E-9D6B-47AD-9A67-CBEA64999060}"
EndProject
Global
	GlobalSection(SolutionConfigurationPlatforms) = preSolution
		Debug|Any CPU = Debug|Any CPU
		Debug|x64 = Debug|x64
		Debug|x86 = Debug|x86
		Release|Any CPU = Release|Any CPU
		Release|x64 = Release|x64
		Release|x86 = Release|x86
	EndGlobalSection
	GlobalSection(ProjectConfigurationPlatforms) = postSolution
		{6EFE95CC-3E1D-47B3-BC5C-906684A8FBBD}.Debug|Any CPU.ActiveCfg = Debug|Any CPU
		{6EFE95CC-3E1D-47B3-BC5C-906684A8FBBD}.Debug|Any CPU.Build.0 = Debug|Any CPU
		{6EFE95CC-3E1D-47B3-BC5C-906684A8FBBD}.Debug|x64.ActiveCfg = Debug|Any CPU
		{6EFE95CC-3E1D-47B3-BC5C-906684A8FBBD}.Debug|x64.Build.0 = Debug|Any CPU
		{6EFE95CC-3E1D-47B3-BC5C-906684A8FBBD}.Debug|x86.ActiveCfg = Debug|Any CPU
		{6EFE95CC-3E1D-47B3-BC5C-906684A8FBBD}.Debug|x86.Build.0 = Debug|Any CPU
		{6EFE95CC-3E1D-47B3-BC5C-906684A8FBBD}.Release|Any CPU.ActiveCfg = Release|Any CPU
		{6EFE95CC-3E1D-47B3-BC5C-906684A8FBBD}.Release|Any CPU.Build.0 = Release|Any CPU
		{6EFE95CC-3E1D-47B3-BC5C-906684A8FBBD}.Release|x64.ActiveCfg = Release|Any CPU
		{6EFE95CC-3E1D-47B3-BC5C-906684A8FBBD}.Release|x64.Build.0 = Release|Any CPU
		{6EFE95CC-3E1D-47B3-BC5C-906684A8FBBD}.Release|x86.ActiveCfg = Release|Any CPU
		{6EFE95CC-3E1D-47B3-BC5C-906684A8FBBD}.Release|x86.Build.0 = Release|Any CPU
		{CF1ECD5D-F8AA-4F41-9B85-65316B56D9FD}.Debug|Any CPU.ActiveCfg = Debug|Win32
		{CF1ECD5D-F8AA-4F41-9B85-65316B56D9FD}.Debug|x64.ActiveCfg = Debug|x64
		{CF1ECD5D-F8AA-4F41-9B85-65316B56D9FD}.Debug|x64.Build.0 = Debug|x64
		{CF1ECD5D-F8AA-4F41-9B85-65316B56D9FD}.Debug|x86.ActiveCfg = Debug|Win32
		{CF1ECD5D-F8AA-4F41-9B85-65316B56D9FD}.Debug|x86.Build.0 = Debug|Win32
		{CF1ECD5D-F8AA-4F41-9B85-65316B56D9FD}.Release|Any CPU.ActiveCfg = Release|Win32
		{CF1ECD5D-F8AA-4F41-9B85-65316B56D9FD}.Release|x64.ActiveCfg = Release|x64
		{CF1ECD5D-F8AA-4F41-9B85-65316B56D9FD}.Release|x64.Build.0 = Release|x64
		{CF1ECD5D-F8AA-4F41-9B85-65316B56D9FD}.Release|x86.ActiveCfg = Release|Win32
		{CF1ECD5D-F8AA-4F41-9B85-65316B56D9FD}.Release|x86.Build.0 = Release|Win32
		{AF85F4F4-9189-4682-B3BB-255EBCBBBAA8}.Debug|Any CPU.ActiveCfg = Debug|Win32
		{AF85F4F4-9189-4682-B3BB-255EBCBBBAA8}.Debug|x64.ActiveCfg = Debug|x64
		{AF85F4F4-9189-4682-B3BB-255EBCBBBAA8}.Debug|x64.Build.0 = Debug|x64
		{AF85F4F4-9189-4682-B3BB-255EBCBBBAA8}.Debug|x86.ActiveCfg = Debug|Win32
		{AF85F4F4-9189-4682-B3BB-255EBCBBBAA8}.Debug|x86.Build.0 = Debug|Win32
		{AF85F4F4-9189-4682-B3BB-255EBCBBBAA8}.Release|Any CPU.ActiveCfg = Release|Win32
		{AF85F4F4-9189-4682-B3BB-255EBCBBBAA8}.Release|x64.ActiveCfg = Release|x64
		{AF85F4F4-9189-4682-B3BB-255EBCBBBAA8}.Release|x64.Build.0 = Release|x64
		{AF85F4F4-9189-4682-B3BB-255EBCBBBAA8}.Release|x86.ActiveCfg = Release|Win32
		{AF85F4F4-9189-4682-B3BB-255EBCBBBAA8}.Release|x86.Build.0 = Release|Win32
		{902247FB-CBEF-4ECE-BF59-D33DBF0773A6}.Debug|Any CPU.ActiveCfg = Debug|Any CPU
		{902247FB-CBEF-4ECE-BF59-D33DBF0773A6}.Debug|Any CPU.Build.0 = Debug|Any CPU
		{902247FB-CBEF-4ECE-BF59-D33DBF0773A6}.Debug|x64.ActiveCfg = Debug|Any CPU
		{902247FB-CBEF-4ECE-BF59-D33DBF0773A6}.Debug|x64.Build.0 = Debug|Any CPU
		{902247FB-CBEF-4ECE-BF59-D33DBF0773A6}.Debug|x86.ActiveCfg = Debug|Any CPU
		{902247FB-CBEF-4ECE-BF59-D33DBF0773A6}.Debug|x86.Build.0 = Debug|Any CPU
		{902247FB-CBEF-4ECE-BF59-D33DBF0773A6}.Release|Any CPU.ActiveCfg = Release|Any CPU
		{902247FB-CBEF-4ECE-BF59-D33DBF0773A6}.Release|Any CPU.Build.0 = Release|Any CPU
		{902247FB-CBEF-4ECE-BF59-D33DBF0773A6}.Release|x64.ActiveCfg = Release|Any CPU
		{902247FB-CBEF-4ECE-BF59-D33DBF0773A6}.Release|x64.Build.0 = Release|Any CPU
		{902247FB-CBEF-4ECE-BF59-D33DBF0773A6}.Release|x86.ActiveCfg = Release|Any CPU
		{902247FB-CBEF-4ECE-BF59-D33DBF0773A6}.Release|x86.Build.0 = Release|Any CPU
		{40FDE389-1EBE-496A-A8E4-D594247D05D2}.Debug|Any CPU.ActiveCfg = Debug|Win32
		{40FDE389-1EBE-496A-A8E4-D594247D05D2}.Debug|x64.ActiveCfg = Debug|x64
		{40FDE389-1EBE-496A-A8E4-D594247D05D2}.Debug|x64.Build.0 = Debug|x64
		{40FDE389-1EBE-496A-A8E4-D594247D05D2}.Debug|x86.ActiveCfg = Debug|Win32
		{40FDE389-1EBE-496A-A8E4-D594247D05D2}.Debug|x86.Build.0 = Debug|Win32
		{40FDE389-1EBE-496A-A8E4-D594247D05D2}.Release|Any CPU.ActiveCfg = Release|Win32
		{40FDE389-1EBE-496A-A8E4-D594247D05D2}.Release|x64.ActiveCfg = Release|x64
		{40FDE389-1EBE-496A-A8E4-D594247D05D2}.Release|x64.Build.0 = Release|x64
		{40FDE389-1EBE-496A-A8E4-D594247D05D2}.Release|x86.ActiveCfg = Release|Win32
		{40FDE389-1EBE-496A-A8E4-D594247D05D2}.Release|x86.Build.0 = Release|Win32
		{5EFAEE28-E648-4CBA-8BEE-BD143775CCFB}.Debug|Any CPU.ActiveCfg = Debug|Win32
		{5EFAEE28-E648-4CBA-8BEE-BD143775CCFB}.Debug|x64.ActiveCfg = Debug|x64
		{5EFAEE28-E648-4CBA-8BEE-BD143775CCFB}.Debug|x64.Build.0 = Debug|x64
		{5EFAEE28-E648-4CBA-8BEE-BD143775CCFB}.Debug|x86.ActiveCfg = Debug|Win32
		{5EFAEE28-E648-4CBA-8BEE-BD143775CCFB}.Debug|x86.Build.0 = Debug|Win32
		{5EFAEE28-E648-4CBA-8BEE-BD143775CCFB}.Release|Any CPU.ActiveCfg = Release|Win32
		{5EFAEE28-E648-4CBA-8BEE-BD143775CCFB}.Release|x64.ActiveCfg = Release|x64
		{5EFAEE28-E648-4CBA-8BEE-BD143775CCFB}.Release|x64.Build.0 = Release|x64
		{5EFAEE28-E648-4CBA-8BEE-BD143775CCFB}.Release|x86.ActiveCfg = Release|Win32
		{5EFAEE28-E648-4CBA-8BEE-BD143775CCFB}.Release|x86.Build.0 = Release|Win32
		{042A6B77-B65A-4569-877B-3311806E0619}.Debug|Any CPU.ActiveCfg = Debug|Win32
		{042A6B77-B65A-4569-877B-3311806E0619}.Debug|x64.ActiveCfg = Debug|x64
		{042A6B77-B65A-4569-877B-3311806E0619}.Debug|x64.Build.0 = Debug|x64
		{042A6B77-B65A-4569-877B-3311806E0619}.Debug|x86.ActiveCfg = Debug|Win32
		{042A6B77-B65A-4569-877B-3311806E0619}.Debug|x86.Build.0 = Debug|Win32
		{042A6B77-B65A-4569-877B-3311806E0619}.Release|Any CPU.ActiveCfg = Release|Win32
		{042A6B77-B65A-4569-877B-3311806E0619}.Release|x64.ActiveCfg = Release|x64
		{042A6B77-B65A-4569-877B-3311806E0619}.Release|x64.Build.0 = Release|x64
		{042A6B77-B65A-4569-877B-3311806E0619}.Release|x86.ActiveCfg = Release|Win32
		{042A6B77-B65A-4569-877B-3311806E0619}.Release|x86.Build.0 = Release|Win32
		{4EFE6592-1690-45CD-BEE7-1A14CA064AE8}.Debug|Any CPU.ActiveCfg = Debug|Win32
		{4EFE6592-1690-45CD-BEE7-1A14CA064AE8}.Debug|x64.ActiveCfg = Debug|x64
		{4EFE6592-1690-45CD-BEE7-1A14CA064AE8}.Debug|x64.Build.0 = Debug|x64
		{4EFE6592-1690-45CD-BEE7-1A14CA064AE8}.Debug|x86.ActiveCfg = Debug|Win32
		{4EFE6592-1690-45CD-BEE7-1A14CA064AE8}.Debug|x86.Build.0 = Debug|Win32
		{4EFE6592-1690-45CD-BEE7-1A14CA064AE8}.Release|Any CPU.ActiveCfg = Release|Win32
		{4EFE6592-1690-45CD-BEE7-1A14CA064AE8}.Release|x64.ActiveCfg = Release|x64
		{4EFE6592-1690-45CD-BEE7-1A14CA064AE8}.Release|x64.Build.0 = Release|x64
		{4EFE6592-1690-45CD-BEE7-1A14CA064AE8}.Release|x86.ActiveCfg = Release|Win32
		{4EFE6592-1690-45CD-BEE7-1A14CA064AE8}.Release|x86.Build.0 = Release|Win32
		{19F09F4E-9D6B-47AD-9A67-CBEA64999060}.Debug|Any CPU.ActiveCfg = Debug|Win32
		{19F09F4E-9D6B-47AD-9A67-CBEA64999060}.Debug|x64.ActiveCfg = Debug|x64
		{19F09F4E-9D6B-47AD-9A67-CBEA64999060}.Debug|x64.Build.0 = Debug|x64
		{19F09F4E-9D6B-47AD-9A67-CBEA64999060}.Debug|x86.ActiveCfg = Debug|Win32
		{19F09F4E-9D6B-47AD-9A67-CBEA64999060}.Debug|x86.Build.0 = Debug|Win32
		{19F09F4E-9D6B-47AD-9A67-CBEA64999060}.Release|Any CPU.ActiveCfg = Release|Win32
		{19F09F4E-9D6B-47AD-9A67-CBEA64999060}.Release|x64.ActiveCfg = Release|x64
		{19F09F4E-9D6B-47AD-9A67-CBEA64999060}.Release|x64.Build.0 = Release|x64
		{19F09F4E-9D6B-47AD-9A67-CBEA64999060}.Release|x86.ActiveCfg = Release|Win32
		{19F09F4E-9D6B-47AD-9A67-CBEA64999060}.Release|x86.Build.0 = Release|Win32
	EndGlobalSection
	GlobalSection(SolutionProperties) = preSolution
		HideSolutionNode = FALSE
	EndGlobalSection
EndGlobal
